// !$*UTF8*$!
{
	archiveVersion = 1;
	classes = {
	};
	objectVersion = 46;
	objects = {

/* Begin PBXBuildFile section */
		4B65ECFB1344D0A700FA75B3 /* UIKit.framework in Frameworks */ = {isa = PBXBuildFile; fileRef = 4B65ECFA1344D0A700FA75B3 /* UIKit.framework */; };
		4B65ECFD1344D0A700FA75B3 /* Foundation.framework in Frameworks */ = {isa = PBXBuildFile; fileRef = 4B65ECFC1344D0A700FA75B3 /* Foundation.framework */; };
		4B65ECFF1344D0A700FA75B3 /* CoreGraphics.framework in Frameworks */ = {isa = PBXBuildFile; fileRef = 4B65ECFE1344D0A700FA75B3 /* CoreGraphics.framework */; };
		4B65ED051344D0A700FA75B3 /* InfoPlist.strings in Resources */ = {isa = PBXBuildFile; fileRef = 4B65ED031344D0A700FA75B3 /* InfoPlist.strings */; };
		4B65ED081344D0A700FA75B3 /* main.m in Sources */ = {isa = PBXBuildFile; fileRef = 4B65ED071344D0A700FA75B3 /* main.m */; };
		4B65ED0B1344D0A700FA75B3 /* VocabulousAppDelegate.m in Sources */ = {isa = PBXBuildFile; fileRef = 4B65ED0A1344D0A700FA75B3 /* VocabulousAppDelegate.m */; };
		4B65ED0E1344D0A700FA75B3 /* MainWindow.xib in Resources */ = {isa = PBXBuildFile; fileRef = 4B65ED0C1344D0A700FA75B3 /* MainWindow.xib */; };
		4B65ED1E1344D27500FA75B3 /* WordListTableViewController.m in Sources */ = {isa = PBXBuildFile; fileRef = 4B65ED1D1344D27500FA75B3 /* WordListTableViewController.m */; };
/* End PBXBuildFile section */

/* Begin PBXFileReference section */
		4B65ECF61344D0A700FA75B3 /* Vocabulous.app */ = {isa = PBXFileReference; explicitFileType = wrapper.application; includeInIndex = 0; path = Vocabulous.app; sourceTree = BUILT_PRODUCTS_DIR; };
		4B65ECFA1344D0A700FA75B3 /* UIKit.framework */ = {isa = PBXFileReference; lastKnownFileType = wrapper.framework; name = UIKit.framework; path = System/Library/Frameworks/UIKit.framework; sourceTree = SDKROOT; };
		4B65ECFC1344D0A700FA75B3 /* Foundation.framework */ = {isa = PBXFileReference; lastKnownFileType = wrapper.framework; name = Foundation.framework; path = System/Library/Frameworks/Foundation.framework; sourceTree = SDKROOT; };
		4B65ECFE1344D0A700FA75B3 /* CoreGraphics.framework */ = {isa = PBXFileReference; lastKnownFileType = wrapper.framework; name = CoreGraphics.framework; path = System/Library/Frameworks/CoreGraphics.framework; sourceTree = SDKROOT; };
		4B65ED021344D0A700FA75B3 /* Vocabulous-Info.plist */ = {isa = PBXFileReference; lastKnownFileType = text.plist.xml; path = "Vocabulous-Info.plist"; sourceTree = "<group>"; };
		4B65ED041344D0A700FA75B3 /* en */ = {isa = PBXFileReference; lastKnownFileType = text.plist.strings; name = en; path = en.lproj/InfoPlist.strings; sourceTree = "<group>"; };
		4B65ED061344D0A700FA75B3 /* Vocabulous-Prefix.pch */ = {isa = PBXFileReference; lastKnownFileType = sourcecode.c.h; path = "Vocabulous-Prefix.pch"; sourceTree = "<group>"; };
		4B65ED071344D0A700FA75B3 /* main.m */ = {isa = PBXFileReference; lastKnownFileType = sourcecode.c.objc; path = main.m; sourceTree = "<group>"; };
		4B65ED091344D0A700FA75B3 /* VocabulousAppDelegate.h */ = {isa = PBXFileReference; lastKnownFileType = sourcecode.c.h; path = VocabulousAppDelegate.h; sourceTree = "<group>"; };
		4B65ED0A1344D0A700FA75B3 /* VocabulousAppDelegate.m */ = {isa = PBXFileReference; lastKnownFileType = sourcecode.c.objc; path = VocabulousAppDelegate.m; sourceTree = "<group>"; };
		4B65ED0D1344D0A700FA75B3 /* en */ = {isa = PBXFileReference; lastKnownFileType = file.xib; name = en; path = en.lproj/MainWindow.xib; sourceTree = "<group>"; };
		4B65ED1C1344D27500FA75B3 /* WordListTableViewController.h */ = {isa = PBXFileReference; fileEncoding = 4; lastKnownFileType = sourcecode.c.h; path = WordListTableViewController.h; sourceTree = "<group>"; };
		4B65ED1D1344D27500FA75B3 /* WordListTableViewController.m */ = {isa = PBXFileReference; fileEncoding = 4; lastKnownFileType = sourcecode.c.objc; path = WordListTableViewController.m; sourceTree = "<group>"; };
/* End PBXFileReference section */

/* Begin PBXFrameworksBuildPhase section */
		4B65ECF31344D0A700FA75B3 /* Frameworks */ = {
			isa = PBXFrameworksBuildPhase;
			buildActionMask = 2147483647;
			files = (
				4B65ECFB1344D0A700FA75B3 /* UIKit.framework in Frameworks */,
				4B65ECFD1344D0A700FA75B3 /* Foundation.framework in Frameworks */,
				4B65ECFF1344D0A700FA75B3 /* CoreGraphics.framework in Frameworks */,
			);
			runOnlyForDeploymentPostprocessing = 0;
		};
/* End PBXFrameworksBuildPhase section */

/* Begin PBXGroup section */
		4B65ECEB1344D0A700FA75B3 = {
			isa = PBXGroup;
			children = (
				4B65ED001344D0A700FA75B3 /* Vocabulous */,
				4B65ECF91344D0A700FA75B3 /* Frameworks */,
				4B65ECF71344D0A700FA75B3 /* Products */,
			);
			sourceTree = "<group>";
		};
		4B65ECF71344D0A700FA75B3 /* Products */ = {
			isa = PBXGroup;
			children = (
				4B65ECF61344D0A700FA75B3 /* Vocabulous.app */,
			);
			name = Products;
			sourceTree = "<group>";
		};
		4B65ECF91344D0A700FA75B3 /* Frameworks */ = {
			isa = PBXGroup;
			children = (
				4B65ECFA1344D0A700FA75B3 /* UIKit.framework */,
				4B65ECFC1344D0A700FA75B3 /* Foundation.framework */,
				4B65ECFE1344D0A700FA75B3 /* CoreGraphics.framework */,
			);
			name = Frameworks;
			sourceTree = "<group>";
		};
		4B65ED001344D0A700FA75B3 /* Vocabulous */ = {
			isa = PBXGroup;
			children = (
				4B65ED091344D0A700FA75B3 /* VocabulousAppDelegate.h */,
				4B65ED0A1344D0A700FA75B3 /* VocabulousAppDelegate.m */,
				4B65ED1C1344D27500FA75B3 /* WordListTableViewController.h */,
				4B65ED1D1344D27500FA75B3 /* WordListTableViewController.m */,
				4B65ED0C1344D0A700FA75B3 /* MainWindow.xib */,
				4B65ED011344D0A700FA75B3 /* Supporting Files */,
			);
			path = Vocabulous;
			sourceTree = "<group>";
		};
		4B65ED011344D0A700FA75B3 /* Supporting Files */ = {
			isa = PBXGroup;
			children = (
				4B65ED021344D0A700FA75B3 /* Vocabulous-Info.plist */,
				4B65ED031344D0A700FA75B3 /* InfoPlist.strings */,
				4B65ED061344D0A700FA75B3 /* Vocabulous-Prefix.pch */,
				4B65ED071344D0A700FA75B3 /* main.m */,
			);
			name = "Supporting Files";
			sourceTree = "<group>";
		};
/* End PBXGroup section */

/* Begin PBXNativeTarget section */
		4B65ECF51344D0A700FA75B3 /* Vocabulous */ = {
			isa = PBXNativeTarget;
			buildConfigurationList = 4B65ED111344D0A700FA75B3 /* Build configuration list for PBXNativeTarget "Vocabulous" */;
			buildPhases = (
				4B65ECF21344D0A700FA75B3 /* Sources */,
				4B65ECF31344D0A700FA75B3 /* Frameworks */,
				4B65ECF41344D0A700FA75B3 /* Resources */,
			);
			buildRules = (
			);
			dependencies = (
			);
			name = Vocabulous;
			productName = Vocabulous;
			productReference = 4B65ECF61344D0A700FA75B3 /* Vocabulous.app */;
			productType = "com.apple.product-type.application";
		};
/* End PBXNativeTarget section */

/* Begin PBXProject section */
		4B65ECED1344D0A700FA75B3 /* Project object */ = {
			isa = PBXProject;
			buildConfigurationList = 4B65ECF01344D0A700FA75B3 /* Build configuration list for PBXProject "Vocabulous" */;
			compatibilityVersion = "Xcode 3.2";
			developmentRegion = English;
			hasScannedForEncodings = 0;
			knownRegions = (
				en,
			);
			mainGroup = 4B65ECEB1344D0A700FA75B3;
			productRefGroup = 4B65ECF71344D0A700FA75B3 /* Products */;
			projectDirPath = "";
			projectRoot = "";
			targets = (
				4B65ECF51344D0A700FA75B3 /* Vocabulous */,
			);
		};
/* End PBXProject section */

/* Begin PBXResourcesBuildPhase section */
		4B65ECF41344D0A700FA75B3 /* Resources */ = {
			isa = PBXResourcesBuildPhase;
			buildActionMask = 2147483647;
			files = (
				4B65ED051344D0A700FA75B3 /* InfoPlist.strings in Resources */,
				4B65ED0E1344D0A700FA75B3 /* MainWindow.xib in Resources */,
			);
			runOnlyForDeploymentPostprocessing = 0;
		};
/* End PBXResourcesBuildPhase section */

/* Begin PBXSourcesBuildPhase section */
		4B65ECF21344D0A700FA75B3 /* Sources */ = {
			isa = PBXSourcesBuildPhase;
			buildActionMask = 2147483647;
			files = (
				4B65ED081344D0A700FA75B3 /* main.m in Sources */,
				4B65ED0B1344D0A700FA75B3 /* VocabulousAppDelegate.m in Sources */,
				4B65ED1E1344D27500FA75B3 /* WordListTableViewController.m in Sources */,
			);
			runOnlyForDeploymentPostprocessing = 0;
		};
/* End PBXSourcesBuildPhase section */

/* Begin PBXVariantGroup section */
		4B65ED031344D0A700FA75B3 /* InfoPlist.strings */ = {
			isa = PBXVariantGroup;
			children = (
				4B65ED041344D0A700FA75B3 /* en */,
			);
			name = InfoPlist.strings;
			sourceTree = "<group>";
		};
		4B65ED0C1344D0A700FA75B3 /* MainWindow.xib */ = {
			isa = PBXVariantGroup;
			children = (
				4B65ED0D1344D0A700FA75B3 /* en */,
			);
			name = MainWindow.xib;
			sourceTree = "<group>";
		};
/* End PBXVariantGroup section */

/* Begin XCBuildConfiguration section */
		4B65ED0F1344D0A700FA75B3 /* Debug */ = {
			isa = XCBuildConfiguration;
			buildSettings = {
				ARCHS = "$(ARCHS_STANDARD_32_BIT)";
				"CODE_SIGN_IDENTITY[sdk=iphoneos*]" = "iPhone Developer";
				GCC_C_LANGUAGE_STANDARD = gnu99;
				GCC_OPTIMIZATION_LEVEL = 0;
				GCC_PREPROCESSOR_DEFINITIONS = DEBUG;
				GCC_SYMBOLS_PRIVATE_EXTERN = NO;
				GCC_VERSION = com.apple.compilers.llvmgcc42;
				GCC_WARN_ABOUT_RETURN_TYPE = YES;
				GCC_WARN_UNUSED_VARIABLE = YES;
				IPHONEOS_DEPLOYMENT_TARGET = 4.3;
				SDKROOT = iphoneos;
			};
			name = Debug;
		};
		4B65ED101344D0A700FA75B3 /* Release */ = {
			isa = XCBuildConfiguration;
			buildSettings = {
				ARCHS = "$(ARCHS_STANDARD_32_BIT)";
				"CODE_SIGN_IDENTITY[sdk=iphoneos*]" = "iPhone Developer";
				GCC_C_LANGUAGE_STANDARD = gnu99;
				GCC_VERSION = com.apple.compilers.llvmgcc42;
				GCC_WARN_ABOUT_RETURN_TYPE = YES;
				GCC_WARN_UNUSED_VARIABLE = YES;
				IPHONEOS_DEPLOYMENT_TARGET = 4.3;
				OTHER_CFLAGS = "-DNS_BLOCK_ASSERTIONS=1";
				SDKROOT = iphoneos;
			};
			name = Release;
		};
		4B65ED121344D0A700FA75B3 /* Debug */ = {
			isa = XCBuildConfiguration;
			buildSettings = {
				ALWAYS_SEARCH_USER_PATHS = NO;
				COPY_PHASE_STRIP = NO;
				GCC_DYNAMIC_NO_PIC = NO;
				GCC_PRECOMPILE_PREFIX_HEADER = YES;
				GCC_PREFIX_HEADER = "Vocabulous/Vocabulous-Prefix.pch";
				INFOPLIST_FILE = "Vocabulous/Vocabulous-Info.plist";
				PRODUCT_NAME = "$(TARGET_NAME)";
				WRAPPER_EXTENSION = app;
			};
			name = Debug;
		};
		4B65ED131344D0A700FA75B3 /* Release */ = {
			isa = XCBuildConfiguration;
			buildSettings = {
				ALWAYS_SEARCH_USER_PATHS = NO;
				COPY_PHASE_STRIP = YES;
				GCC_PRECOMPILE_PREFIX_HEADER = YES;
				GCC_PREFIX_HEADER = "Vocabulous/Vocabulous-Prefix.pch";
				INFOPLIST_FILE = "Vocabulous/Vocabulous-Info.plist";
				PRODUCT_NAME = "$(TARGET_NAME)";
				VALIDATE_PRODUCT = YES;
				WRAPPER_EXTENSION = app;
			};
			name = Release;
		};
/* End XCBuildConfiguration section */

/* Begin XCConfigurationList section */
		4B65ECF01344D0A700FA75B3 /* Build configuration list for PBXProject "Vocabulous" */ = {
			isa = XCConfigurationList;
			buildConfigurations = (
				4B65ED0F1344D0A700FA75B3 /* Debug */,
				4B65ED101344D0A700FA75B3 /* Release */,
			);
			defaultConfigurationIsVisible = 0;
			defaultConfigurationName = Release;
		};
		4B65ED111344D0A700FA75B3 /* Build configuration list for PBXNativeTarget "Vocabulous" */ = {
			isa = XCConfigurationList;
			buildConfigurations = (
				4B65ED121344D0A700FA75B3 /* Debug */,
				4B65ED131344D0A700FA75B3 /* Release */,
			);
			defaultConfigurationIsVisible = 0;
			defaultConfigurationName = Release;
		};
/* End XCConfigurationList section */
	};
	rootObject = 4B65ECED1344D0A700FA75B3 /* Project object */;
}
